// !$*UTF8*$!
{
	archiveVersion = 1;
	classes = {
	};
	objectVersion = 56;
	objects = {

/* Begin PBXBuildFile section */
		750ABAC92A16B38F0004FA0B /* SchoolTableViewCellViewModel.swift in Sources */ = {isa = PBXBuildFile; fileRef = 750ABAC82A16B38F0004FA0B /* SchoolTableViewCellViewModel.swift */; };
		750ABACC2A16F1440004FA0B /* SATScoreModel.swift in Sources */ = {isa = PBXBuildFile; fileRef = 750ABACB2A16F1440004FA0B /* SATScoreModel.swift */; };
		750ABACF2A16F4C40004FA0B /* SATScoreViewModel.swift in Sources */ = {isa = PBXBuildFile; fileRef = 750ABACE2A16F4C40004FA0B /* SATScoreViewModel.swift */; };
		750ABAD12A1704F30004FA0B /* SATScoresTableViewCellViewModel.swift in Sources */ = {isa = PBXBuildFile; fileRef = 750ABAD02A1704F30004FA0B /* SATScoresTableViewCellViewModel.swift */; };
		750ABAD42A170E2A0004FA0B /* SchoolListViewController.swift in Sources */ = {isa = PBXBuildFile; fileRef = 750ABAD22A170E2A0004FA0B /* SchoolListViewController.swift */; };
		750ABAD52A170E2A0004FA0B /* SchoolListViewController.xib in Resources */ = {isa = PBXBuildFile; fileRef = 750ABAD32A170E2A0004FA0B /* SchoolListViewController.xib */; };
		752A69AF2A15DD7F001F92FC /* SATScoreViewController.swift in Sources */ = {isa = PBXBuildFile; fileRef = 752A69AD2A15DD7F001F92FC /* SATScoreViewController.swift */; };
		752A69B02A15DD7F001F92FC /* SATScoreViewController.xib in Resources */ = {isa = PBXBuildFile; fileRef = 752A69AE2A15DD7F001F92FC /* SATScoreViewController.xib */; };
		752A69B32A15EA16001F92FC /* UIViewController+Alert.swift in Sources */ = {isa = PBXBuildFile; fileRef = 752A69B22A15EA16001F92FC /* UIViewController+Alert.swift */; };
		752A69B82A15EEC3001F92FC /* Spinner.swift in Sources */ = {isa = PBXBuildFile; fileRef = 752A69B72A15EEC3001F92FC /* Spinner.swift */; };
		752A69BB2A15F255001F92FC /* APIRequestTests.swift in Sources */ = {isa = PBXBuildFile; fileRef = 752A69BA2A15F255001F92FC /* APIRequestTests.swift */; };
		752A69BD2A15F350001F92FC /* MockDataManager.swift in Sources */ = {isa = PBXBuildFile; fileRef = 752A69BC2A15F350001F92FC /* MockDataManager.swift */; };
		752A69BF2A15F390001F92FC /* EndPointTests.swift in Sources */ = {isa = PBXBuildFile; fileRef = 752A69BE2A15F390001F92FC /* EndPointTests.swift */; };
		752A69C12A15F3EE001F92FC /* NetworkErrorTests.swift in Sources */ = {isa = PBXBuildFile; fileRef = 752A69C02A15F3EE001F92FC /* NetworkErrorTests.swift */; };
		752A69C52A15F730001F92FC /* mock_schools_data.json in Resources */ = {isa = PBXBuildFile; fileRef = 752A69C42A15F730001F92FC /* mock_schools_data.json */; };
		75521E312A15C4F400DD2C49 /* AppDelegate.swift in Sources */ = {isa = PBXBuildFile; fileRef = 75521E302A15C4F400DD2C49 /* AppDelegate.swift */; };
		75521E332A15C4F400DD2C49 /* SceneDelegate.swift in Sources */ = {isa = PBXBuildFile; fileRef = 75521E322A15C4F400DD2C49 /* SceneDelegate.swift */; };
		75521E3A2A15C4F600DD2C49 /* Assets.xcassets in Resources */ = {isa = PBXBuildFile; fileRef = 75521E392A15C4F600DD2C49 /* Assets.xcassets */; };
		75521E3D2A15C4F600DD2C49 /* LaunchScreen.storyboard in Resources */ = {isa = PBXBuildFile; fileRef = 75521E3B2A15C4F600DD2C49 /* LaunchScreen.storyboard */; };
		75521E482A15C4F700DD2C49 /* _0230517_YANFENG_NYCSchoolsTests.swift in Sources */ = {isa = PBXBuildFile; fileRef = 75521E472A15C4F700DD2C49 /* _0230517_YANFENG_NYCSchoolsTests.swift */; };
		75521E522A15C4F700DD2C49 /* _0230517_YANFENG_NYCSchoolsUITests.swift in Sources */ = {isa = PBXBuildFile; fileRef = 75521E512A15C4F700DD2C49 /* _0230517_YANFENG_NYCSchoolsUITests.swift */; };
		75521E542A15C4F700DD2C49 /* _0230517_YANFENG_NYCSchoolsUITestsLaunchTests.swift in Sources */ = {isa = PBXBuildFile; fileRef = 75521E532A15C4F700DD2C49 /* _0230517_YANFENG_NYCSchoolsUITestsLaunchTests.swift */; };
		757216712A1822DF003CAA76 /* SchoolViewModelTests.swift in Sources */ = {isa = PBXBuildFile; fileRef = 757216702A1822DF003CAA76 /* SchoolViewModelTests.swift */; };
		757216722A1823D8003CAA76 /* SchoolModel.swift in Sources */ = {isa = PBXBuildFile; fileRef = 758FBC762A15CCF000FF4BA3 /* SchoolModel.swift */; };
		757216732A182417003CAA76 /* SchoolViewModel.swift in Sources */ = {isa = PBXBuildFile; fileRef = 758FBC722A15C9CC00FF4BA3 /* SchoolViewModel.swift */; };
		757216742A18253A003CAA76 /* Observable.swift in Sources */ = {isa = PBXBuildFile; fileRef = 758FBC742A15CB7600FF4BA3 /* Observable.swift */; };
		757216752A182559003CAA76 /* DataManager.swift in Sources */ = {isa = PBXBuildFile; fileRef = 758FBC6C2A15C70000FF4BA3 /* DataManager.swift */; };
		757216762A18256D003CAA76 /* APIRequest.swift in Sources */ = {isa = PBXBuildFile; fileRef = 758FBC6A2A15C6E800FF4BA3 /* APIRequest.swift */; };
		757216772A182582003CAA76 /* APIClient.swift in Sources */ = {isa = PBXBuildFile; fileRef = 758FBC682A15C6CE00FF4BA3 /* APIClient.swift */; };
		757216782A18258C003CAA76 /* EndPoint.swift in Sources */ = {isa = PBXBuildFile; fileRef = 758FBC6E2A15C71000FF4BA3 /* EndPoint.swift */; };
		757216792A18258F003CAA76 /* NetworkError.swift in Sources */ = {isa = PBXBuildFile; fileRef = 758FBC702A15C72000FF4BA3 /* NetworkError.swift */; };
		7572167A2A1825FC003CAA76 /* SchoolTableViewCellViewModel.swift in Sources */ = {isa = PBXBuildFile; fileRef = 750ABAC82A16B38F0004FA0B /* SchoolTableViewCellViewModel.swift */; };
		7572167C2A1826D7003CAA76 /* FileLoader.swift in Sources */ = {isa = PBXBuildFile; fileRef = 7572167B2A1826D7003CAA76 /* FileLoader.swift */; };
		7572167D2A18308A003CAA76 /* mock_schools_data.json in Resources */ = {isa = PBXBuildFile; fileRef = 752A69C42A15F730001F92FC /* mock_schools_data.json */; };
		757216892A183BE7003CAA76 /* SATScoreViewModelTests.swift in Sources */ = {isa = PBXBuildFile; fileRef = 757216882A183BE7003CAA76 /* SATScoreViewModelTests.swift */; };
		7572168A2A183C08003CAA76 /* SATScoreModel.swift in Sources */ = {isa = PBXBuildFile; fileRef = 750ABACB2A16F1440004FA0B /* SATScoreModel.swift */; };
		7572168B2A183C0D003CAA76 /* SATScoreViewModel.swift in Sources */ = {isa = PBXBuildFile; fileRef = 750ABACE2A16F4C40004FA0B /* SATScoreViewModel.swift */; };
		7572168C2A183CA8003CAA76 /* SATScoresTableViewCellViewModel.swift in Sources */ = {isa = PBXBuildFile; fileRef = 750ABAD02A1704F30004FA0B /* SATScoresTableViewCellViewModel.swift */; };
		7572168E2A183E57003CAA76 /* mock_SAT_scores_data.json in Resources */ = {isa = PBXBuildFile; fileRef = 7572168D2A183E57003CAA76 /* mock_SAT_scores_data.json */; };
		7572168F2A18419F003CAA76 /* mock_SAT_scores_data.json in Resources */ = {isa = PBXBuildFile; fileRef = 7572168D2A183E57003CAA76 /* mock_SAT_scores_data.json */; };
		757216932A1842AE003CAA76 /* SchoolModelTests.swift in Sources */ = {isa = PBXBuildFile; fileRef = 757216922A1842AE003CAA76 /* SchoolModelTests.swift */; };
		757216952A1842C0003CAA76 /* SATScoreModelTests.swift in Sources */ = {isa = PBXBuildFile; fileRef = 757216942A1842C0003CAA76 /* SATScoreModelTests.swift */; };
		758FBC692A15C6CE00FF4BA3 /* APIClient.swift in Sources */ = {isa = PBXBuildFile; fileRef = 758FBC682A15C6CE00FF4BA3 /* APIClient.swift */; };
		758FBC6B2A15C6E800FF4BA3 /* APIRequest.swift in Sources */ = {isa = PBXBuildFile; fileRef = 758FBC6A2A15C6E800FF4BA3 /* APIRequest.swift */; };
		758FBC6D2A15C70000FF4BA3 /* DataManager.swift in Sources */ = {isa = PBXBuildFile; fileRef = 758FBC6C2A15C70000FF4BA3 /* DataManager.swift */; };
		758FBC6F2A15C71100FF4BA3 /* EndPoint.swift in Sources */ = {isa = PBXBuildFile; fileRef = 758FBC6E2A15C71000FF4BA3 /* EndPoint.swift */; };
		758FBC712A15C72000FF4BA3 /* NetworkError.swift in Sources */ = {isa = PBXBuildFile; fileRef = 758FBC702A15C72000FF4BA3 /* NetworkError.swift */; };
		758FBC732A15C9CC00FF4BA3 /* SchoolViewModel.swift in Sources */ = {isa = PBXBuildFile; fileRef = 758FBC722A15C9CC00FF4BA3 /* SchoolViewModel.swift */; };
		758FBC752A15CB7600FF4BA3 /* Observable.swift in Sources */ = {isa = PBXBuildFile; fileRef = 758FBC742A15CB7600FF4BA3 /* Observable.swift */; };
		758FBC772A15CCF000FF4BA3 /* SchoolModel.swift in Sources */ = {isa = PBXBuildFile; fileRef = 758FBC762A15CCF000FF4BA3 /* SchoolModel.swift */; };
		758FBC7B2A15D6B700FF4BA3 /* SchoolTableViewCell.swift in Sources */ = {isa = PBXBuildFile; fileRef = 758FBC792A15D6B700FF4BA3 /* SchoolTableViewCell.swift */; };
		758FBC7C2A15D6B700FF4BA3 /* SchoolTableViewCell.xib in Resources */ = {isa = PBXBuildFile; fileRef = 758FBC7A2A15D6B700FF4BA3 /* SchoolTableViewCell.xib */; };
		758FBC7F2A15D83200FF4BA3 /* SATScoresTableViewCell.swift in Sources */ = {isa = PBXBuildFile; fileRef = 758FBC7D2A15D83200FF4BA3 /* SATScoresTableViewCell.swift */; };
		758FBC802A15D83200FF4BA3 /* SATScoresTableViewCell.xib in Resources */ = {isa = PBXBuildFile; fileRef = 758FBC7E2A15D83200FF4BA3 /* SATScoresTableViewCell.xib */; };
/* End PBXBuildFile section */

/* Begin PBXContainerItemProxy section */
		75521E442A15C4F700DD2C49 /* PBXContainerItemProxy */ = {
			isa = PBXContainerItemProxy;
			containerPortal = 75521E252A15C4F300DD2C49 /* Project object */;
			proxyType = 1;
			remoteGlobalIDString = 75521E2C2A15C4F400DD2C49;
			remoteInfo = "20230517-YANFENG-NYCSchools";
		};
		75521E4E2A15C4F700DD2C49 /* PBXContainerItemProxy */ = {
			isa = PBXContainerItemProxy;
			containerPortal = 75521E252A15C4F300DD2C49 /* Project object */;
			proxyType = 1;
			remoteGlobalIDString = 75521E2C2A15C4F400DD2C49;
			remoteInfo = "20230517-YANFENG-NYCSchools";
		};
/* End PBXContainerItemProxy section */

/* Begin PBXFileReference section */
		750ABAC82A16B38F0004FA0B /* SchoolTableViewCellViewModel.swift */ = {isa = PBXFileReference; lastKnownFileType = sourcecode.swift; path = SchoolTableViewCellViewModel.swift; sourceTree = "<group>"; };
		750ABACB2A16F1440004FA0B /* SATScoreModel.swift */ = {isa = PBXFileReference; lastKnownFileType = sourcecode.swift; path = SATScoreModel.swift; sourceTree = "<group>"; };
		750ABACE2A16F4C40004FA0B /* SATScoreViewModel.swift */ = {isa = PBXFileReference; lastKnownFileType = sourcecode.swift; path = SATScoreViewModel.swift; sourceTree = "<group>"; };
		750ABAD02A1704F30004FA0B /* SATScoresTableViewCellViewModel.swift */ = {isa = PBXFileReference; lastKnownFileType = sourcecode.swift; path = SATScoresTableViewCellViewModel.swift; sourceTree = "<group>"; };
		750ABAD22A170E2A0004FA0B /* SchoolListViewController.swift */ = {isa = PBXFileReference; lastKnownFileType = sourcecode.swift; path = SchoolListViewController.swift; sourceTree = "<group>"; };
		750ABAD32A170E2A0004FA0B /* SchoolListViewController.xib */ = {isa = PBXFileReference; lastKnownFileType = file.xib; path = SchoolListViewController.xib; sourceTree = "<group>"; };
		752A69AD2A15DD7F001F92FC /* SATScoreViewController.swift */ = {isa = PBXFileReference; lastKnownFileType = sourcecode.swift; path = SATScoreViewController.swift; sourceTree = "<group>"; };
		752A69AE2A15DD7F001F92FC /* SATScoreViewController.xib */ = {isa = PBXFileReference; lastKnownFileType = file.xib; path = SATScoreViewController.xib; sourceTree = "<group>"; };
		752A69B22A15EA16001F92FC /* UIViewController+Alert.swift */ = {isa = PBXFileReference; lastKnownFileType = sourcecode.swift; path = "UIViewController+Alert.swift"; sourceTree = "<group>"; };
		752A69B72A15EEC3001F92FC /* Spinner.swift */ = {isa = PBXFileReference; lastKnownFileType = sourcecode.swift; path = Spinner.swift; sourceTree = "<group>"; };
		752A69BA2A15F255001F92FC /* APIRequestTests.swift */ = {isa = PBXFileReference; lastKnownFileType = sourcecode.swift; path = APIRequestTests.swift; sourceTree = "<group>"; };
		752A69BC2A15F350001F92FC /* MockDataManager.swift */ = {isa = PBXFileReference; lastKnownFileType = sourcecode.swift; path = MockDataManager.swift; sourceTree = "<group>"; };
		752A69BE2A15F390001F92FC /* EndPointTests.swift */ = {isa = PBXFileReference; lastKnownFileType = sourcecode.swift; path = EndPointTests.swift; sourceTree = "<group>"; };
		752A69C02A15F3EE001F92FC /* NetworkErrorTests.swift */ = {isa = PBXFileReference; lastKnownFileType = sourcecode.swift; path = NetworkErrorTests.swift; sourceTree = "<group>"; };
		752A69C42A15F730001F92FC /* mock_schools_data.json */ = {isa = PBXFileReference; fileEncoding = 4; lastKnownFileType = text.json; path = mock_schools_data.json; sourceTree = "<group>"; };
		75521E2D2A15C4F400DD2C49 /* 20230517-YANFENG-NYCSchools.app */ = {isa = PBXFileReference; explicitFileType = wrapper.application; includeInIndex = 0; path = "20230517-YANFENG-NYCSchools.app"; sourceTree = BUILT_PRODUCTS_DIR; };
		75521E302A15C4F400DD2C49 /* AppDelegate.swift */ = {isa = PBXFileReference; lastKnownFileType = sourcecode.swift; path = AppDelegate.swift; sourceTree = "<group>"; };
		75521E322A15C4F400DD2C49 /* SceneDelegate.swift */ = {isa = PBXFileReference; lastKnownFileType = sourcecode.swift; path = SceneDelegate.swift; sourceTree = "<group>"; };
		75521E392A15C4F600DD2C49 /* Assets.xcassets */ = {isa = PBXFileReference; lastKnownFileType = folder.assetcatalog; path = Assets.xcassets; sourceTree = "<group>"; };
		75521E3C2A15C4F600DD2C49 /* Base */ = {isa = PBXFileReference; lastKnownFileType = file.storyboard; name = Base; path = Base.lproj/LaunchScreen.storyboard; sourceTree = "<group>"; };
		75521E3E2A15C4F600DD2C49 /* Info.plist */ = {isa = PBXFileReference; lastKnownFileType = text.plist.xml; path = Info.plist; sourceTree = "<group>"; };
		75521E432A15C4F700DD2C49 /* 20230517-YANFENG-NYCSchoolsTests.xctest */ = {isa = PBXFileReference; explicitFileType = wrapper.cfbundle; includeInIndex = 0; path = "20230517-YANFENG-NYCSchoolsTests.xctest"; sourceTree = BUILT_PRODUCTS_DIR; };
		75521E472A15C4F700DD2C49 /* _0230517_YANFENG_NYCSchoolsTests.swift */ = {isa = PBXFileReference; lastKnownFileType = sourcecode.swift; path = _0230517_YANFENG_NYCSchoolsTests.swift; sourceTree = "<group>"; };
		75521E4D2A15C4F700DD2C49 /* 20230517-YANFENG-NYCSchoolsUITests.xctest */ = {isa = PBXFileReference; explicitFileType = wrapper.cfbundle; includeInIndex = 0; path = "20230517-YANFENG-NYCSchoolsUITests.xctest"; sourceTree = BUILT_PRODUCTS_DIR; };
		75521E512A15C4F700DD2C49 /* _0230517_YANFENG_NYCSchoolsUITests.swift */ = {isa = PBXFileReference; lastKnownFileType = sourcecode.swift; path = _0230517_YANFENG_NYCSchoolsUITests.swift; sourceTree = "<group>"; };
		75521E532A15C4F700DD2C49 /* _0230517_YANFENG_NYCSchoolsUITestsLaunchTests.swift */ = {isa = PBXFileReference; lastKnownFileType = sourcecode.swift; path = _0230517_YANFENG_NYCSchoolsUITestsLaunchTests.swift; sourceTree = "<group>"; };
		757216702A1822DF003CAA76 /* SchoolViewModelTests.swift */ = {isa = PBXFileReference; lastKnownFileType = sourcecode.swift; path = SchoolViewModelTests.swift; sourceTree = "<group>"; };
		7572167B2A1826D7003CAA76 /* FileLoader.swift */ = {isa = PBXFileReference; lastKnownFileType = sourcecode.swift; path = FileLoader.swift; sourceTree = "<group>"; };
		757216882A183BE7003CAA76 /* SATScoreViewModelTests.swift */ = {isa = PBXFileReference; lastKnownFileType = sourcecode.swift; path = SATScoreViewModelTests.swift; sourceTree = "<group>"; };
		7572168D2A183E57003CAA76 /* mock_SAT_scores_data.json */ = {isa = PBXFileReference; fileEncoding = 4; lastKnownFileType = text.json; path = mock_SAT_scores_data.json; sourceTree = "<group>"; };
		757216922A1842AE003CAA76 /* SchoolModelTests.swift */ = {isa = PBXFileReference; lastKnownFileType = sourcecode.swift; path = SchoolModelTests.swift; sourceTree = "<group>"; };
		757216942A1842C0003CAA76 /* SATScoreModelTests.swift */ = {isa = PBXFileReference; lastKnownFileType = sourcecode.swift; path = SATScoreModelTests.swift; sourceTree = "<group>"; };
		758FBC682A15C6CE00FF4BA3 /* APIClient.swift */ = {isa = PBXFileReference; lastKnownFileType = sourcecode.swift; path = APIClient.swift; sourceTree = "<group>"; };
		758FBC6A2A15C6E800FF4BA3 /* APIRequest.swift */ = {isa = PBXFileReference; lastKnownFileType = sourcecode.swift; path = APIRequest.swift; sourceTree = "<group>"; };
		758FBC6C2A15C70000FF4BA3 /* DataManager.swift */ = {isa = PBXFileReference; lastKnownFileType = sourcecode.swift; path = DataManager.swift; sourceTree = "<group>"; };
		758FBC6E2A15C71000FF4BA3 /* EndPoint.swift */ = {isa = PBXFileReference; lastKnownFileType = sourcecode.swift; path = EndPoint.swift; sourceTree = "<group>"; };
		758FBC702A15C72000FF4BA3 /* NetworkError.swift */ = {isa = PBXFileReference; lastKnownFileType = sourcecode.swift; path = NetworkError.swift; sourceTree = "<group>"; };
		758FBC722A15C9CC00FF4BA3 /* SchoolViewModel.swift */ = {isa = PBXFileReference; lastKnownFileType = sourcecode.swift; path = SchoolViewModel.swift; sourceTree = "<group>"; };
		758FBC742A15CB7600FF4BA3 /* Observable.swift */ = {isa = PBXFileReference; lastKnownFileType = sourcecode.swift; path = Observable.swift; sourceTree = "<group>"; };
		758FBC762A15CCF000FF4BA3 /* SchoolModel.swift */ = {isa = PBXFileReference; lastKnownFileType = sourcecode.swift; path = SchoolModel.swift; sourceTree = "<group>"; };
		758FBC792A15D6B700FF4BA3 /* SchoolTableViewCell.swift */ = {isa = PBXFileReference; lastKnownFileType = sourcecode.swift; path = SchoolTableViewCell.swift; sourceTree = "<group>"; };
		758FBC7A2A15D6B700FF4BA3 /* SchoolTableViewCell.xib */ = {isa = PBXFileReference; lastKnownFileType = file.xib; path = SchoolTableViewCell.xib; sourceTree = "<group>"; };
		758FBC7D2A15D83200FF4BA3 /* SATScoresTableViewCell.swift */ = {isa = PBXFileReference; lastKnownFileType = sourcecode.swift; path = SATScoresTableViewCell.swift; sourceTree = "<group>"; };
		758FBC7E2A15D83200FF4BA3 /* SATScoresTableViewCell.xib */ = {isa = PBXFileReference; lastKnownFileType = file.xib; path = SATScoresTableViewCell.xib; sourceTree = "<group>"; };
/* End PBXFileReference section */

/* Begin PBXFrameworksBuildPhase section */
		75521E2A2A15C4F400DD2C49 /* Frameworks */ = {
			isa = PBXFrameworksBuildPhase;
			buildActionMask = 2147483647;
			files = (
			);
			runOnlyForDeploymentPostprocessing = 0;
		};
		75521E402A15C4F700DD2C49 /* Frameworks */ = {
			isa = PBXFrameworksBuildPhase;
			buildActionMask = 2147483647;
			files = (
			);
			runOnlyForDeploymentPostprocessing = 0;
		};
		75521E4A2A15C4F700DD2C49 /* Frameworks */ = {
			isa = PBXFrameworksBuildPhase;
			buildActionMask = 2147483647;
			files = (
			);
			runOnlyForDeploymentPostprocessing = 0;
		};
/* End PBXFrameworksBuildPhase section */

/* Begin PBXGroup section */
		750ABACA2A16B3A80004FA0B /* School */ = {
			isa = PBXGroup;
			children = (
				758FBC722A15C9CC00FF4BA3 /* SchoolViewModel.swift */,
				750ABAC82A16B38F0004FA0B /* SchoolTableViewCellViewModel.swift */,
			);
			path = School;
			sourceTree = "<group>";
		};
		750ABACD2A16F4A50004FA0B /* SATScore */ = {
			isa = PBXGroup;
			children = (
				750ABACE2A16F4C40004FA0B /* SATScoreViewModel.swift */,
				750ABAD02A1704F30004FA0B /* SATScoresTableViewCellViewModel.swift */,
			);
			path = SATScore;
			sourceTree = "<group>";
		};
		752A69B12A15EA04001F92FC /* Extensions */ = {
			isa = PBXGroup;
			children = (
				752A69B22A15EA16001F92FC /* UIViewController+Alert.swift */,
			);
			path = Extensions;
			sourceTree = "<group>";
		};
		752A69B42A15EE4F001F92FC /* Helper */ = {
			isa = PBXGroup;
			children = (
				752A69B72A15EEC3001F92FC /* Spinner.swift */,
			);
			path = Helper;
			sourceTree = "<group>";
		};
		752A69B92A15F229001F92FC /* ServiceTests */ = {
			isa = PBXGroup;
			children = (
				752A69BA2A15F255001F92FC /* APIRequestTests.swift */,
				752A69BC2A15F350001F92FC /* MockDataManager.swift */,
				752A69BE2A15F390001F92FC /* EndPointTests.swift */,
				752A69C02A15F3EE001F92FC /* NetworkErrorTests.swift */,
			);
			path = ServiceTests;
			sourceTree = "<group>";
		};
		752A69C22A15F6DC001F92FC /* ModelTests */ = {
			isa = PBXGroup;
			children = (
				757216922A1842AE003CAA76 /* SchoolModelTests.swift */,
				757216942A1842C0003CAA76 /* SATScoreModelTests.swift */,
			);
			path = ModelTests;
			sourceTree = "<group>";
		};
		752A69C32A15F6E6001F92FC /* ViewModelTests */ = {
			isa = PBXGroup;
			children = (
				757216702A1822DF003CAA76 /* SchoolViewModelTests.swift */,
				757216882A183BE7003CAA76 /* SATScoreViewModelTests.swift */,
			);
			path = ViewModelTests;
			sourceTree = "<group>";
		};
		75521E242A15C4F300DD2C49 = {
			isa = PBXGroup;
			children = (
				75521E2F2A15C4F400DD2C49 /* 20230517-YANFENG-NYCSchools */,
				75521E462A15C4F700DD2C49 /* 20230517-YANFENG-NYCSchoolsTests */,
				75521E502A15C4F700DD2C49 /* 20230517-YANFENG-NYCSchoolsUITests */,
				75521E2E2A15C4F400DD2C49 /* Products */,
			);
			sourceTree = "<group>";
		};
		75521E2E2A15C4F400DD2C49 /* Products */ = {
			isa = PBXGroup;
			children = (
				75521E2D2A15C4F400DD2C49 /* 20230517-YANFENG-NYCSchools.app */,
				75521E432A15C4F700DD2C49 /* 20230517-YANFENG-NYCSchoolsTests.xctest */,
				75521E4D2A15C4F700DD2C49 /* 20230517-YANFENG-NYCSchoolsUITests.xctest */,
			);
			name = Products;
			sourceTree = "<group>";
		};
		75521E2F2A15C4F400DD2C49 /* 20230517-YANFENG-NYCSchools */ = {
			isa = PBXGroup;
			children = (
				752A69B42A15EE4F001F92FC /* Helper */,
				752A69B12A15EA04001F92FC /* Extensions */,
				758FBC632A15C52500FF4BA3 /* Service */,
				758FBC662A15C55200FF4BA3 /* Model */,
				758FBC652A15C54600FF4BA3 /* ViewModel */,
				758FBC642A15C53400FF4BA3 /* ViewController */,
				758FBC782A15D45B00FF4BA3 /* View */,
				758FBC672A15C55D00FF4BA3 /* Resource */,
				75521E302A15C4F400DD2C49 /* AppDelegate.swift */,
				75521E322A15C4F400DD2C49 /* SceneDelegate.swift */,
				75521E3B2A15C4F600DD2C49 /* LaunchScreen.storyboard */,
			);
			path = "20230517-YANFENG-NYCSchools";
			sourceTree = "<group>";
		};
		75521E462A15C4F700DD2C49 /* 20230517-YANFENG-NYCSchoolsTests */ = {
			isa = PBXGroup;
			children = (
				752A69C32A15F6E6001F92FC /* ViewModelTests */,
				752A69C22A15F6DC001F92FC /* ModelTests */,
				752A69B92A15F229001F92FC /* ServiceTests */,
				7572167F2A183352003CAA76 /* MockDataFile */,
				7572167B2A1826D7003CAA76 /* FileLoader.swift */,
				75521E472A15C4F700DD2C49 /* _0230517_YANFENG_NYCSchoolsTests.swift */,
			);
			path = "20230517-YANFENG-NYCSchoolsTests";
			sourceTree = "<group>";
		};
		75521E502A15C4F700DD2C49 /* 20230517-YANFENG-NYCSchoolsUITests */ = {
			isa = PBXGroup;
			children = (
				75521E512A15C4F700DD2C49 /* _0230517_YANFENG_NYCSchoolsUITests.swift */,
				75521E532A15C4F700DD2C49 /* _0230517_YANFENG_NYCSchoolsUITestsLaunchTests.swift */,
			);
			path = "20230517-YANFENG-NYCSchoolsUITests";
			sourceTree = "<group>";
		};
		7572167F2A183352003CAA76 /* MockDataFile */ = {
			isa = PBXGroup;
			children = (
				752A69C42A15F730001F92FC /* mock_schools_data.json */,
				7572168D2A183E57003CAA76 /* mock_SAT_scores_data.json */,
			);
			path = MockDataFile;
			sourceTree = "<group>";
		};
		758FBC632A15C52500FF4BA3 /* Service */ = {
			isa = PBXGroup;
			children = (
				758FBC682A15C6CE00FF4BA3 /* APIClient.swift */,
				758FBC6A2A15C6E800FF4BA3 /* APIRequest.swift */,
				758FBC6C2A15C70000FF4BA3 /* DataManager.swift */,
				758FBC6E2A15C71000FF4BA3 /* EndPoint.swift */,
				758FBC702A15C72000FF4BA3 /* NetworkError.swift */,
			);
			path = Service;
			sourceTree = "<group>";
		};
		758FBC642A15C53400FF4BA3 /* ViewController */ = {
			isa = PBXGroup;
			children = (
				752A69AD2A15DD7F001F92FC /* SATScoreViewController.swift */,
				752A69AE2A15DD7F001F92FC /* SATScoreViewController.xib */,
				750ABAD22A170E2A0004FA0B /* SchoolListViewController.swift */,
				750ABAD32A170E2A0004FA0B /* SchoolListViewController.xib */,
			);
			path = ViewController;
			sourceTree = "<group>";
		};
		758FBC652A15C54600FF4BA3 /* ViewModel */ = {
			isa = PBXGroup;
			children = (
				750ABACD2A16F4A50004FA0B /* SATScore */,
				750ABACA2A16B3A80004FA0B /* School */,
				758FBC742A15CB7600FF4BA3 /* Observable.swift */,
			);
			path = ViewModel;
			sourceTree = "<group>";
		};
		758FBC662A15C55200FF4BA3 /* Model */ = {
			isa = PBXGroup;
			children = (
				758FBC762A15CCF000FF4BA3 /* SchoolModel.swift */,
				750ABACB2A16F1440004FA0B /* SATScoreModel.swift */,
			);
			path = Model;
			sourceTree = "<group>";
		};
		758FBC672A15C55D00FF4BA3 /* Resource */ = {
			isa = PBXGroup;
			children = (
				75521E392A15C4F600DD2C49 /* Assets.xcassets */,
				75521E3E2A15C4F600DD2C49 /* Info.plist */,
			);
			path = Resource;
			sourceTree = "<group>";
		};
		758FBC782A15D45B00FF4BA3 /* View */ = {
			isa = PBXGroup;
			children = (
				758FBC792A15D6B700FF4BA3 /* SchoolTableViewCell.swift */,
				758FBC7A2A15D6B700FF4BA3 /* SchoolTableViewCell.xib */,
				758FBC7D2A15D83200FF4BA3 /* SATScoresTableViewCell.swift */,
				758FBC7E2A15D83200FF4BA3 /* SATScoresTableViewCell.xib */,
			);
			path = View;
			sourceTree = "<group>";
		};
/* End PBXGroup section */

/* Begin PBXNativeTarget section */
		75521E2C2A15C4F400DD2C49 /* 20230517-YANFENG-NYCSchools */ = {
			isa = PBXNativeTarget;
			buildConfigurationList = 75521E572A15C4F700DD2C49 /* Build configuration list for PBXNativeTarget "20230517-YANFENG-NYCSchools" */;
			buildPhases = (
				75521E292A15C4F400DD2C49 /* Sources */,
				75521E2A2A15C4F400DD2C49 /* Frameworks */,
				75521E2B2A15C4F400DD2C49 /* Resources */,
			);
			buildRules = (
			);
			dependencies = (
			);
			name = "20230517-YANFENG-NYCSchools";
			productName = "20230517-YANFENG-NYCSchools";
			productReference = 75521E2D2A15C4F400DD2C49 /* 20230517-YANFENG-NYCSchools.app */;
			productType = "com.apple.product-type.application";
		};
		75521E422A15C4F700DD2C49 /* 20230517-YANFENG-NYCSchoolsTests */ = {
			isa = PBXNativeTarget;
			buildConfigurationList = 75521E5A2A15C4F700DD2C49 /* Build configuration list for PBXNativeTarget "20230517-YANFENG-NYCSchoolsTests" */;
			buildPhases = (
				75521E3F2A15C4F700DD2C49 /* Sources */,
				75521E402A15C4F700DD2C49 /* Frameworks */,
				75521E412A15C4F700DD2C49 /* Resources */,
			);
			buildRules = (
			);
			dependencies = (
				75521E452A15C4F700DD2C49 /* PBXTargetDependency */,
			);
			name = "20230517-YANFENG-NYCSchoolsTests";
			productName = "20230517-YANFENG-NYCSchoolsTests";
			productReference = 75521E432A15C4F700DD2C49 /* 20230517-YANFENG-NYCSchoolsTests.xctest */;
			productType = "com.apple.product-type.bundle.unit-test";
		};
		75521E4C2A15C4F700DD2C49 /* 20230517-YANFENG-NYCSchoolsUITests */ = {
			isa = PBXNativeTarget;
			buildConfigurationList = 75521E5D2A15C4F700DD2C49 /* Build configuration list for PBXNativeTarget "20230517-YANFENG-NYCSchoolsUITests" */;
			buildPhases = (
				75521E492A15C4F700DD2C49 /* Sources */,
				75521E4A2A15C4F700DD2C49 /* Frameworks */,
				75521E4B2A15C4F700DD2C49 /* Resources */,
			);
			buildRules = (
			);
			dependencies = (
				75521E4F2A15C4F700DD2C49 /* PBXTargetDependency */,
			);
			name = "20230517-YANFENG-NYCSchoolsUITests";
			productName = "20230517-YANFENG-NYCSchoolsUITests";
			productReference = 75521E4D2A15C4F700DD2C49 /* 20230517-YANFENG-NYCSchoolsUITests.xctest */;
			productType = "com.apple.product-type.bundle.ui-testing";
		};
/* End PBXNativeTarget section */

/* Begin PBXProject section */
		75521E252A15C4F300DD2C49 /* Project object */ = {
			isa = PBXProject;
			attributes = {
				BuildIndependentTargetsInParallel = 1;
				LastSwiftUpdateCheck = 1400;
				LastUpgradeCheck = 1400;
				TargetAttributes = {
					75521E2C2A15C4F400DD2C49 = {
						CreatedOnToolsVersion = 14.0;
					};
					75521E422A15C4F700DD2C49 = {
						CreatedOnToolsVersion = 14.0;
						TestTargetID = 75521E2C2A15C4F400DD2C49;
					};
					75521E4C2A15C4F700DD2C49 = {
						CreatedOnToolsVersion = 14.0;
						TestTargetID = 75521E2C2A15C4F400DD2C49;
					};
				};
			};
			buildConfigurationList = 75521E282A15C4F300DD2C49 /* Build configuration list for PBXProject "20230517-YANFENG-NYCSchools" */;
			compatibilityVersion = "Xcode 14.0";
			developmentRegion = en;
			hasScannedForEncodings = 0;
			knownRegions = (
				en,
				Base,
			);
			mainGroup = 75521E242A15C4F300DD2C49;
			productRefGroup = 75521E2E2A15C4F400DD2C49 /* Products */;
			projectDirPath = "";
			projectRoot = "";
			targets = (
				75521E2C2A15C4F400DD2C49 /* 20230517-YANFENG-NYCSchools */,
				75521E422A15C4F700DD2C49 /* 20230517-YANFENG-NYCSchoolsTests */,
				75521E4C2A15C4F700DD2C49 /* 20230517-YANFENG-NYCSchoolsUITests */,
			);
		};
/* End PBXProject section */

/* Begin PBXResourcesBuildPhase section */
		75521E2B2A15C4F400DD2C49 /* Resources */ = {
			isa = PBXResourcesBuildPhase;
			buildActionMask = 2147483647;
			files = (
				750ABAD52A170E2A0004FA0B /* SchoolListViewController.xib in Resources */,
				7572168F2A18419F003CAA76 /* mock_SAT_scores_data.json in Resources */,
				752A69B02A15DD7F001F92FC /* SATScoreViewController.xib in Resources */,
				75521E3D2A15C4F600DD2C49 /* LaunchScreen.storyboard in Resources */,
				7572167D2A18308A003CAA76 /* mock_schools_data.json in Resources */,
				75521E3A2A15C4F600DD2C49 /* Assets.xcassets in Resources */,
				758FBC802A15D83200FF4BA3 /* SATScoresTableViewCell.xib in Resources */,
				758FBC7C2A15D6B700FF4BA3 /* SchoolTableViewCell.xib in Resources */,
			);
			runOnlyForDeploymentPostprocessing = 0;
		};
		75521E412A15C4F700DD2C49 /* Resources */ = {
			isa = PBXResourcesBuildPhase;
			buildActionMask = 2147483647;
			files = (
				752A69C52A15F730001F92FC /* mock_schools_data.json in Resources */,
				7572168E2A183E57003CAA76 /* mock_SAT_scores_data.json in Resources */,
			);
			runOnlyForDeploymentPostprocessing = 0;
		};
		75521E4B2A15C4F700DD2C49 /* Resources */ = {
			isa = PBXResourcesBuildPhase;
			buildActionMask = 2147483647;
			files = (
			);
			runOnlyForDeploymentPostprocessing = 0;
		};
/* End PBXResourcesBuildPhase section */

/* Begin PBXSourcesBuildPhase section */
		75521E292A15C4F400DD2C49 /* Sources */ = {
			isa = PBXSourcesBuildPhase;
			buildActionMask = 2147483647;
			files = (
				752A69B32A15EA16001F92FC /* UIViewController+Alert.swift in Sources */,
				758FBC712A15C72000FF4BA3 /* NetworkError.swift in Sources */,
				758FBC6D2A15C70000FF4BA3 /* DataManager.swift in Sources */,
				75521E312A15C4F400DD2C49 /* AppDelegate.swift in Sources */,
				750ABAD42A170E2A0004FA0B /* SchoolListViewController.swift in Sources */,
				75521E332A15C4F400DD2C49 /* SceneDelegate.swift in Sources */,
				758FBC6B2A15C6E800FF4BA3 /* APIRequest.swift in Sources */,
				758FBC752A15CB7600FF4BA3 /* Observable.swift in Sources */,
				758FBC7B2A15D6B700FF4BA3 /* SchoolTableViewCell.swift in Sources */,
				758FBC732A15C9CC00FF4BA3 /* SchoolViewModel.swift in Sources */,
				750ABAD12A1704F30004FA0B /* SATScoresTableViewCellViewModel.swift in Sources */,
				758FBC772A15CCF000FF4BA3 /* SchoolModel.swift in Sources */,
				758FBC6F2A15C71100FF4BA3 /* EndPoint.swift in Sources */,
				750ABAC92A16B38F0004FA0B /* SchoolTableViewCellViewModel.swift in Sources */,
				750ABACC2A16F1440004FA0B /* SATScoreModel.swift in Sources */,
				750ABACF2A16F4C40004FA0B /* SATScoreViewModel.swift in Sources */,
				758FBC692A15C6CE00FF4BA3 /* APIClient.swift in Sources */,
				752A69AF2A15DD7F001F92FC /* SATScoreViewController.swift in Sources */,
				758FBC7F2A15D83200FF4BA3 /* SATScoresTableViewCell.swift in Sources */,
				752A69B82A15EEC3001F92FC /* Spinner.swift in Sources */,
			);
			runOnlyForDeploymentPostprocessing = 0;
		};
		75521E3F2A15C4F700DD2C49 /* Sources */ = {
			isa = PBXSourcesBuildPhase;
			buildActionMask = 2147483647;
			files = (
				757216782A18258C003CAA76 /* EndPoint.swift in Sources */,
				757216952A1842C0003CAA76 /* SATScoreModelTests.swift in Sources */,
				757216792A18258F003CAA76 /* NetworkError.swift in Sources */,
				752A69BB2A15F255001F92FC /* APIRequestTests.swift in Sources */,
				757216752A182559003CAA76 /* DataManager.swift in Sources */,
				752A69BD2A15F350001F92FC /* MockDataManager.swift in Sources */,
				7572167A2A1825FC003CAA76 /* SchoolTableViewCellViewModel.swift in Sources */,
				757216932A1842AE003CAA76 /* SchoolModelTests.swift in Sources */,
				752A69BF2A15F390001F92FC /* EndPointTests.swift in Sources */,
				752A69C12A15F3EE001F92FC /* NetworkErrorTests.swift in Sources */,
				757216892A183BE7003CAA76 /* SATScoreViewModelTests.swift in Sources */,
				757216742A18253A003CAA76 /* Observable.swift in Sources */,
				7572168C2A183CA8003CAA76 /* SATScoresTableViewCellViewModel.swift in Sources */,
				757216732A182417003CAA76 /* SchoolViewModel.swift in Sources */,
				757216762A18256D003CAA76 /* APIRequest.swift in Sources */,
				757216722A1823D8003CAA76 /* SchoolModel.swift in Sources */,
				7572168A2A183C08003CAA76 /* SATScoreModel.swift in Sources */,
				7572168B2A183C0D003CAA76 /* SATScoreViewModel.swift in Sources */,
				757216712A1822DF003CAA76 /* SchoolViewModelTests.swift in Sources */,
				75521E482A15C4F700DD2C49 /* _0230517_YANFENG_NYCSchoolsTests.swift in Sources */,
				7572167C2A1826D7003CAA76 /* FileLoader.swift in Sources */,
				757216772A182582003CAA76 /* APIClient.swift in Sources */,
			);
			runOnlyForDeploymentPostprocessing = 0;
		};
		75521E492A15C4F700DD2C49 /* Sources */ = {
			isa = PBXSourcesBuildPhase;
			buildActionMask = 2147483647;
			files = (
				75521E522A15C4F700DD2C49 /* _0230517_YANFENG_NYCSchoolsUITests.swift in Sources */,
				75521E542A15C4F700DD2C49 /* _0230517_YANFENG_NYCSchoolsUITestsLaunchTests.swift in Sources */,
			);
			runOnlyForDeploymentPostprocessing = 0;
		};
/* End PBXSourcesBuildPhase section */

/* Begin PBXTargetDependency section */
		75521E452A15C4F700DD2C49 /* PBXTargetDependency */ = {
			isa = PBXTargetDependency;
			target = 75521E2C2A15C4F400DD2C49 /* 20230517-YANFENG-NYCSchools */;
			targetProxy = 75521E442A15C4F700DD2C49 /* PBXContainerItemProxy */;
		};
		75521E4F2A15C4F700DD2C49 /* PBXTargetDependency */ = {
			isa = PBXTargetDependency;
			target = 75521E2C2A15C4F400DD2C49 /* 20230517-YANFENG-NYCSchools */;
			targetProxy = 75521E4E2A15C4F700DD2C49 /* PBXContainerItemProxy */;
		};
/* End PBXTargetDependency section */

/* Begin PBXVariantGroup section */
		75521E3B2A15C4F600DD2C49 /* LaunchScreen.storyboard */ = {
			isa = PBXVariantGroup;
			children = (
				75521E3C2A15C4F600DD2C49 /* Base */,
			);
			name = LaunchScreen.storyboard;
			sourceTree = "<group>";
		};
/* End PBXVariantGroup section */

/* Begin XCBuildConfiguration section */
		75521E552A15C4F700DD2C49 /* Debug */ = {
			isa = XCBuildConfiguration;
			buildSettings = {
				ALWAYS_SEARCH_USER_PATHS = NO;
				CLANG_ANALYZER_NONNULL = YES;
				CLANG_ANALYZER_NUMBER_OBJECT_CONVERSION = YES_AGGRESSIVE;
				CLANG_CXX_LANGUAGE_STANDARD = "gnu++20";
				CLANG_ENABLE_MODULES = YES;
				CLANG_ENABLE_OBJC_ARC = YES;
				CLANG_ENABLE_OBJC_WEAK = YES;
				CLANG_WARN_BLOCK_CAPTURE_AUTORELEASING = YES;
				CLANG_WARN_BOOL_CONVERSION = YES;
				CLANG_WARN_COMMA = YES;
				CLANG_WARN_CONSTANT_CONVERSION = YES;
				CLANG_WARN_DEPRECATED_OBJC_IMPLEMENTATIONS = YES;
				CLANG_WARN_DIRECT_OBJC_ISA_USAGE = YES_ERROR;
				CLANG_WARN_DOCUMENTATION_COMMENTS = YES;
				CLANG_WARN_EMPTY_BODY = YES;
				CLANG_WARN_ENUM_CONVERSION = YES;
				CLANG_WARN_INFINITE_RECURSION = YES;
				CLANG_WARN_INT_CONVERSION = YES;
				CLANG_WARN_NON_LITERAL_NULL_CONVERSION = YES;
				CLANG_WARN_OBJC_IMPLICIT_RETAIN_SELF = YES;
				CLANG_WARN_OBJC_LITERAL_CONVERSION = YES;
				CLANG_WARN_OBJC_ROOT_CLASS = YES_ERROR;
				CLANG_WARN_QUOTED_INCLUDE_IN_FRAMEWORK_HEADER = YES;
				CLANG_WARN_RANGE_LOOP_ANALYSIS = YES;
				CLANG_WARN_STRICT_PROTOTYPES = YES;
				CLANG_WARN_SUSPICIOUS_MOVE = YES;
				CLANG_WARN_UNGUARDED_AVAILABILITY = YES_AGGRESSIVE;
				CLANG_WARN_UNREACHABLE_CODE = YES;
				CLANG_WARN__DUPLICATE_METHOD_MATCH = YES;
				COPY_PHASE_STRIP = NO;
				DEBUG_INFORMATION_FORMAT = dwarf;
				ENABLE_STRICT_OBJC_MSGSEND = YES;
				ENABLE_TESTABILITY = YES;
				GCC_C_LANGUAGE_STANDARD = gnu11;
				GCC_DYNAMIC_NO_PIC = NO;
				GCC_NO_COMMON_BLOCKS = YES;
				GCC_OPTIMIZATION_LEVEL = 0;
				GCC_PREPROCESSOR_DEFINITIONS = (
					"DEBUG=1",
					"$(inherited)",
				);
				GCC_WARN_64_TO_32_BIT_CONVERSION = YES;
				GCC_WARN_ABOUT_RETURN_TYPE = YES_ERROR;
				GCC_WARN_UNDECLARED_SELECTOR = YES;
				GCC_WARN_UNINITIALIZED_AUTOS = YES_AGGRESSIVE;
				GCC_WARN_UNUSED_FUNCTION = YES;
				GCC_WARN_UNUSED_VARIABLE = YES;
				IPHONEOS_DEPLOYMENT_TARGET = 16.0;
				MTL_ENABLE_DEBUG_INFO = INCLUDE_SOURCE;
				MTL_FAST_MATH = YES;
				ONLY_ACTIVE_ARCH = YES;
				SDKROOT = iphoneos;
				SWIFT_ACTIVE_COMPILATION_CONDITIONS = DEBUG;
				SWIFT_OPTIMIZATION_LEVEL = "-Onone";
			};
			name = Debug;
		};
		75521E562A15C4F700DD2C49 /* Release */ = {
			isa = XCBuildConfiguration;
			buildSettings = {
				ALWAYS_SEARCH_USER_PATHS = NO;
				CLANG_ANALYZER_NONNULL = YES;
				CLANG_ANALYZER_NUMBER_OBJECT_CONVERSION = YES_AGGRESSIVE;
				CLANG_CXX_LANGUAGE_STANDARD = "gnu++20";
				CLANG_ENABLE_MODULES = YES;
				CLANG_ENABLE_OBJC_ARC = YES;
				CLANG_ENABLE_OBJC_WEAK = YES;
				CLANG_WARN_BLOCK_CAPTURE_AUTORELEASING = YES;
				CLANG_WARN_BOOL_CONVERSION = YES;
				CLANG_WARN_COMMA = YES;
				CLANG_WARN_CONSTANT_CONVERSION = YES;
				CLANG_WARN_DEPRECATED_OBJC_IMPLEMENTATIONS = YES;
				CLANG_WARN_DIRECT_OBJC_ISA_USAGE = YES_ERROR;
				CLANG_WARN_DOCUMENTATION_COMMENTS = YES;
				CLANG_WARN_EMPTY_BODY = YES;
				CLANG_WARN_ENUM_CONVERSION = YES;
				CLANG_WARN_INFINITE_RECURSION = YES;
				CLANG_WARN_INT_CONVERSION = YES;
				CLANG_WARN_NON_LITERAL_NULL_CONVERSION = YES;
				CLANG_WARN_OBJC_IMPLICIT_RETAIN_SELF = YES;
				CLANG_WARN_OBJC_LITERAL_CONVERSION = YES;
				CLANG_WARN_OBJC_ROOT_CLASS = YES_ERROR;
				CLANG_WARN_QUOTED_INCLUDE_IN_FRAMEWORK_HEADER = YES;
				CLANG_WARN_RANGE_LOOP_ANALYSIS = YES;
				CLANG_WARN_STRICT_PROTOTYPES = YES;
				CLANG_WARN_SUSPICIOUS_MOVE = YES;
				CLANG_WARN_UNGUARDED_AVAILABILITY = YES_AGGRESSIVE;
				CLANG_WARN_UNREACHABLE_CODE = YES;
				CLANG_WARN__DUPLICATE_METHOD_MATCH = YES;
				COPY_PHASE_STRIP = NO;
				DEBUG_INFORMATION_FORMAT = "dwarf-with-dsym";
				ENABLE_NS_ASSERTIONS = NO;
				ENABLE_STRICT_OBJC_MSGSEND = YES;
				GCC_C_LANGUAGE_STANDARD = gnu11;
				GCC_NO_COMMON_BLOCKS = YES;
				GCC_WARN_64_TO_32_BIT_CONVERSION = YES;
				GCC_WARN_ABOUT_RETURN_TYPE = YES_ERROR;
				GCC_WARN_UNDECLARED_SELECTOR = YES;
				GCC_WARN_UNINITIALIZED_AUTOS = YES_AGGRESSIVE;
				GCC_WARN_UNUSED_FUNCTION = YES;
				GCC_WARN_UNUSED_VARIABLE = YES;
				IPHONEOS_DEPLOYMENT_TARGET = 16.0;
				MTL_ENABLE_DEBUG_INFO = NO;
				MTL_FAST_MATH = YES;
				SDKROOT = iphoneos;
				SWIFT_COMPILATION_MODE = wholemodule;
				SWIFT_OPTIMIZATION_LEVEL = "-O";
				VALIDATE_PRODUCT = YES;
			};
			name = Release;
		};
		75521E582A15C4F700DD2C49 /* Debug */ = {
			isa = XCBuildConfiguration;
			buildSettings = {
				ASSETCATALOG_COMPILER_APPICON_NAME = AppIcon;
				ASSETCATALOG_COMPILER_GLOBAL_ACCENT_COLOR_NAME = AccentColor;
				CODE_SIGN_STYLE = Automatic;
				CURRENT_PROJECT_VERSION = 1;
				GENERATE_INFOPLIST_FILE = YES;
				INFOPLIST_FILE = "20230517-YANFENG-NYCSchools/Resource/Info.plist";
				INFOPLIST_KEY_UIApplicationSupportsIndirectInputEvents = YES;
				INFOPLIST_KEY_UILaunchStoryboardName = LaunchScreen;
				INFOPLIST_KEY_UIMainStoryboardFile = "";
				INFOPLIST_KEY_UISupportedInterfaceOrientations_iPad = "UIInterfaceOrientationPortrait UIInterfaceOrientationPortraitUpsideDown UIInterfaceOrientationLandscapeLeft UIInterfaceOrientationLandscapeRight";
				INFOPLIST_KEY_UISupportedInterfaceOrientations_iPhone = "UIInterfaceOrientationPortrait UIInterfaceOrientationLandscapeLeft UIInterfaceOrientationLandscapeRight";
				LD_RUNPATH_SEARCH_PATHS = (
					"$(inherited)",
					"@executable_path/Frameworks",
				);
				MARKETING_VERSION = 1.0;
				PRODUCT_BUNDLE_IDENTIFIER = "com.YanFeng.-0230517-YANFENG-NYCSchools";
				PRODUCT_NAME = "$(TARGET_NAME)";
				SWIFT_EMIT_LOC_STRINGS = YES;
				SWIFT_VERSION = 5.0;
				TARGETED_DEVICE_FAMILY = "1,2";
			};
			name = Debug;
		};
		75521E592A15C4F700DD2C49 /* Release */ = {
			isa = XCBuildConfiguration;
			buildSettings = {
				ASSETCATALOG_COMPILER_APPICON_NAME = AppIcon;
				ASSETCATALOG_COMPILER_GLOBAL_ACCENT_COLOR_NAME = AccentColor;
				CODE_SIGN_STYLE = Automatic;
				CURRENT_PROJECT_VERSION = 1;
				GENERATE_INFOPLIST_FILE = YES;
				INFOPLIST_FILE = "20230517-YANFENG-NYCSchools/Resource/Info.plist";
				INFOPLIST_KEY_UIApplicationSupportsIndirectInputEvents = YES;
				INFOPLIST_KEY_UILaunchStoryboardName = LaunchScreen;
				INFOPLIST_KEY_UIMainStoryboardFile = "";
				INFOPLIST_KEY_UISupportedInterfaceOrientations_iPad = "UIInterfaceOrientationPortrait UIInterfaceOrientationPortraitUpsideDown UIInterfaceOrientationLandscapeLeft UIInterfaceOrientationLandscapeRight";
				INFOPLIST_KEY_UISupportedInterfaceOrientations_iPhone = "UIInterfaceOrientationPortrait UIInterfaceOrientationLandscapeLeft UIInterfaceOrientationLandscapeRight";
				LD_RUNPATH_SEARCH_PATHS = (
					"$(inherited)",
					"@executable_path/Frameworks",
				);
				MARKETING_VERSION = 1.0;
				PRODUCT_BUNDLE_IDENTIFIER = "com.YanFeng.-0230517-YANFENG-NYCSchools";
				PRODUCT_NAME = "$(TARGET_NAME)";
				SWIFT_EMIT_LOC_STRINGS = YES;
				SWIFT_VERSION = 5.0;
				TARGETED_DEVICE_FAMILY = "1,2";
			};
			name = Release;
		};
		75521E5B2A15C4F700DD2C49 /* Debug */ = {
			isa = XCBuildConfiguration;
			buildSettings = {
				ALWAYS_EMBED_SWIFT_STANDARD_LIBRARIES = YES;
				BUNDLE_LOADER = "$(TEST_HOST)";
				CODE_SIGN_STYLE = Automatic;
				CURRENT_PROJECT_VERSION = 1;
				GENERATE_INFOPLIST_FILE = YES;
				IPHONEOS_DEPLOYMENT_TARGET = 16.0;
				MARKETING_VERSION = 1.0;
				PRODUCT_BUNDLE_IDENTIFIER = "com.YanFeng.-0230517-YANFENG-NYCSchoolsTests";
				PRODUCT_NAME = "$(TARGET_NAME)";
				SWIFT_EMIT_LOC_STRINGS = NO;
				SWIFT_VERSION = 5.0;
				TARGETED_DEVICE_FAMILY = "1,2";
				TEST_HOST = "$(BUILT_PRODUCTS_DIR)/20230517-YANFENG-NYCSchools.app/$(BUNDLE_EXECUTABLE_FOLDER_PATH)/20230517-YANFENG-NYCSchools";
			};
			name = Debug;
		};
		75521E5C2A15C4F700DD2C49 /* Release */ = {
			isa = XCBuildConfiguration;
			buildSettings = {
				ALWAYS_EMBED_SWIFT_STANDARD_LIBRARIES = YES;
				BUNDLE_LOADER = "$(TEST_HOST)";
				CODE_SIGN_STYLE = Automatic;
				CURRENT_PROJECT_VERSION = 1;
				GENERATE_INFOPLIST_FILE = YES;
				IPHONEOS_DEPLOYMENT_TARGET = 16.0;
				MARKETING_VERSION = 1.0;
				PRODUCT_BUNDLE_IDENTIFIER = "com.YanFeng.-0230517-YANFENG-NYCSchoolsTests";
				PRODUCT_NAME = "$(TARGET_NAME)";
				SWIFT_EMIT_LOC_STRINGS = NO;
				SWIFT_VERSION = 5.0;
				TARGETED_DEVICE_FAMILY = "1,2";
				TEST_HOST = "$(BUILT_PRODUCTS_DIR)/20230517-YANFENG-NYCSchools.app/$(BUNDLE_EXECUTABLE_FOLDER_PATH)/20230517-YANFENG-NYCSchools";
			};
			name = Release;
		};
		75521E5E2A15C4F700DD2C49 /* Debug */ = {
			isa = XCBuildConfiguration;
			buildSettings = {
				ALWAYS_EMBED_SWIFT_STANDARD_LIBRARIES = YES;
				CODE_SIGN_STYLE = Automatic;
				CURRENT_PROJECT_VERSION = 1;
				GENERATE_INFOPLIST_FILE = YES;
				MARKETING_VERSION = 1.0;
				PRODUCT_BUNDLE_IDENTIFIER = "com.YanFeng.-0230517-YANFENG-NYCSchoolsUITests";
				PRODUCT_NAME = "$(TARGET_NAME)";
				SWIFT_EMIT_LOC_STRINGS = NO;
				SWIFT_VERSION = 5.0;
				TARGETED_DEVICE_FAMILY = "1,2";
				TEST_TARGET_NAME = "20230517-YANFENG-NYCSchools";
			};
			name = Debug;
		};
		75521E5F2A15C4F700DD2C49 /* Release */ = {
			isa = XCBuildConfiguration;
			buildSettings = {
				ALWAYS_EMBED_SWIFT_STANDARD_LIBRARIES = YES;
				CODE_SIGN_STYLE = Automatic;
				CURRENT_PROJECT_VERSION = 1;
				GENERATE_INFOPLIST_FILE = YES;
				MARKETING_VERSION = 1.0;
				PRODUCT_BUNDLE_IDENTIFIER = "com.YanFeng.-0230517-YANFENG-NYCSchoolsUITests";
				PRODUCT_NAME = "$(TARGET_NAME)";
				SWIFT_EMIT_LOC_STRINGS = NO;
				SWIFT_VERSION = 5.0;
				TARGETED_DEVICE_FAMILY = "1,2";
				TEST_TARGET_NAME = "20230517-YANFENG-NYCSchools";
			};
			name = Release;
		};
/* End XCBuildConfiguration section */

/* Begin XCConfigurationList section */
		75521E282A15C4F300DD2C49 /* Build configuration list for PBXProject "20230517-YANFENG-NYCSchools" */ = {
			isa = XCConfigurationList;
			buildConfigurations = (
				75521E552A15C4F700DD2C49 /* Debug */,
				75521E562A15C4F700DD2C49 /* Release */,
			);
			defaultConfigurationIsVisible = 0;
			defaultConfigurationName = Release;
		};
		75521E572A15C4F700DD2C49 /* Build configuration list for PBXNativeTarget "20230517-YANFENG-NYCSchools" */ = {
			isa = XCConfigurationList;
			buildConfigurations = (
				75521E582A15C4F700DD2C49 /* Debug */,
				75521E592A15C4F700DD2C49 /* Release */,
			);
			defaultConfigurationIsVisible = 0;
			defaultConfigurationName = Release;
		};
		75521E5A2A15C4F700DD2C49 /* Build configuration list for PBXNativeTarget "20230517-YANFENG-NYCSchoolsTests" */ = {
			isa = XCConfigurationList;
			buildConfigurations = (
				75521E5B2A15C4F700DD2C49 /* Debug */,
				75521E5C2A15C4F700DD2C49 /* Release */,
			);
			defaultConfigurationIsVisible = 0;
			defaultConfigurationName = Release;
		};
		75521E5D2A15C4F700DD2C49 /* Build configuration list for PBXNativeTarget "20230517-YANFENG-NYCSchoolsUITests" */ = {
			isa = XCConfigurationList;
			buildConfigurations = (
				75521E5E2A15C4F700DD2C49 /* Debug */,
				75521E5F2A15C4F700DD2C49 /* Release */,
			);
			defaultConfigurationIsVisible = 0;
			defaultConfigurationName = Release;
		};
/* End XCConfigurationList section */
	};
	rootObject = 75521E252A15C4F300DD2C49 /* Project object */;
}
